
Microsoft Visual Studio Solution File, Format Version 12.00
# Visual Studio Version 17
VisualStudioVersion = 17.3.32929.385
MinimumVisualStudioVersion = 10.0.40219.1
Project("{FAE04EC0-301F-11D3-BF4B-00C04F79EFBC}") = "TaskTrackerAPI", "TaskTrackerAPI\TaskTrackerAPI.csproj", "{279BD45B-A4F7-48EF-8234-0D3200D8952A}"
EndProject
Project("{FAE04EC0-301F-11D3-BF4B-00C04F79EFBC}") = "TaskTrackerDAL", "TaskTrackerDAL\TaskTrackerDAL.csproj", "{C560D8EE-1D0B-459A-A9BB-82C06B0750C5}"
EndProject
Project("{FAE04EC0-301F-11D3-BF4B-00C04F79EFBC}") = "TaskTrackerBL", "TaskTrackerBL\TaskTrackerBL.csproj", "{8C27524A-9875-4784-8409-45EFC9B36372}"
EndProject
Global
	GlobalSection(SolutionConfigurationPlatforms) = preSolution
		Debug|Any CPU = Debug|Any CPU
		Release|Any CPU = Release|Any CPU
	EndGlobalSection
	GlobalSection(ProjectConfigurationPlatforms) = postSolution
		{279BD45B-A4F7-48EF-8234-0D3200D8952A}.Debug|Any CPU.ActiveCfg = Debug|Any CPU
		{279BD45B-A4F7-48EF-8234-0D3200D8952A}.Debug|Any CPU.Build.0 = Debug|Any CPU
		{279BD45B-A4F7-48EF-8234-0D3200D8952A}.Release|Any CPU.ActiveCfg = Release|Any CPU
		{279BD45B-A4F7-48EF-8234-0D3200D8952A}.Release|Any CPU.Build.0 = Release|Any CPU
		{C560D8EE-1D0B-459A-A9BB-82C06B0750C5}.Debug|Any CPU.ActiveCfg = Debug|Any CPU
		{C560D8EE-1D0B-459A-A9BB-82C06B0750C5}.Debug|Any CPU.Build.0 = Debug|Any CPU
		{C560D8EE-1D0B-459A-A9BB-82C06B0750C5}.Release|Any CPU.ActiveCfg = Release|Any CPU
		{C560D8EE-1D0B-459A-A9BB-82C06B0750C5}.Release|Any CPU.Build.0 = Release|Any CPU
		{8C27524A-9875-4784-8409-45EFC9B36372}.Debug|Any CPU.ActiveCfg = Debug|Any CPU
		{8C27524A-9875-4784-8409-45EFC9B36372}.Debug|Any CPU.Build.0 = Debug|Any CPU
		{8C27524A-9875-4784-8409-45EFC9B36372}.Release|Any CPU.ActiveCfg = Release|Any CPU
		{8C27524A-9875-4784-8409-45EFC9B36372}.Release|Any CPU.Build.0 = Release|Any CPU
	EndGlobalSection
	GlobalSection(SolutionProperties) = preSolution
		HideSolutionNode = FALSE
	EndGlobalSection
	GlobalSection(ExtensibilityGlobals) = postSolution
		SolutionGuid = {283482D9-EEE2-4F7E-8743-000EF7A63B44}
	EndGlobalSection
EndGlobal
